// !$*UTF8*$!
{
	archiveVersion = 1;
	classes = {
	};
	objectVersion = 46;
	objects = {

/* Begin PBXAggregateTarget section */
		"Child::ChildPackageTests::ProductTarget" /* ChildPackageTests */ = {
			isa = PBXAggregateTarget;
			buildConfigurationList = OBJ_66 /* Build configuration list for PBXAggregateTarget "ChildPackageTests" */;
			buildPhases = (
			);
			dependencies = (
				OBJ_69 /* PBXTargetDependency */,
			);
			name = ChildPackageTests;
			productName = ChildPackageTests;
		};
/* End PBXAggregateTarget section */

/* Begin PBXBuildFile section */
		358C94761FEDCB1600F84D84 /* TestJSONS.swift in Sources */ = {isa = PBXBuildFile; fileRef = 358C94751FEDCB1600F84D84 /* TestJSONS.swift */; };
		35CBB46720115E86005BC355 /* Cocoa.framework in Frameworks */ = {isa = PBXBuildFile; fileRef = 35CBB46620115E86005BC355 /* Cocoa.framework */; };
		35CBB46A20115E86005BC355 /* SourceEditorExtension.swift in Sources */ = {isa = PBXBuildFile; fileRef = 35CBB46920115E86005BC355 /* SourceEditorExtension.swift */; };
		35CBB46C20115E86005BC355 /* SourceEditorCommand.swift in Sources */ = {isa = PBXBuildFile; fileRef = 35CBB46B20115E86005BC355 /* SourceEditorCommand.swift */; };
		35CBB47220115E97005BC355 /* Arguments.swift in Sources */ = {isa = PBXBuildFile; fileRef = OBJ_11 /* Arguments.swift */; };
		35CBB47320115E97005BC355 /* Indentation.swift in Sources */ = {isa = PBXBuildFile; fileRef = OBJ_12 /* Indentation.swift */; };
		35CBB47420115E97005BC355 /* Meta.swift in Sources */ = {isa = PBXBuildFile; fileRef = OBJ_13 /* Meta.swift */; };
		35CBB47520115E97005BC355 /* Parser.swift in Sources */ = {isa = PBXBuildFile; fileRef = OBJ_14 /* Parser.swift */; };
		35CBB47620115E97005BC355 /* Runner.swift in Sources */ = {isa = PBXBuildFile; fileRef = OBJ_15 /* Runner.swift */; };
		35CBB47720115E97005BC355 /* Value+Code.swift in Sources */ = {isa = PBXBuildFile; fileRef = OBJ_16 /* Value+Code.swift */; };
		35CBB47820115E97005BC355 /* Value.swift in Sources */ = {isa = PBXBuildFile; fileRef = OBJ_17 /* Value.swift */; };
		35CBB47A20115EC6005BC355 /* Logger.swift in Sources */ = {isa = PBXBuildFile; fileRef = 35CBB47920115EC6005BC355 /* Logger.swift */; };
		35CBB47B20115EC6005BC355 /* Logger.swift in Sources */ = {isa = PBXBuildFile; fileRef = 35CBB47920115EC6005BC355 /* Logger.swift */; };
		OBJ_32 /* Package.swift in Sources */ = {isa = PBXBuildFile; fileRef = OBJ_6 /* Package.swift */; };
		OBJ_38 /* ChildTests.swift in Sources */ = {isa = PBXBuildFile; fileRef = OBJ_22 /* ChildTests.swift */; };
		OBJ_40 /* ChildBrain.framework in Frameworks */ = {isa = PBXBuildFile; fileRef = "Child::ChildBrain::Product" /* ChildBrain.framework */; };
		OBJ_49 /* main.swift in Sources */ = {isa = PBXBuildFile; fileRef = OBJ_19 /* main.swift */; };
		OBJ_51 /* ChildBrain.framework in Frameworks */ = {isa = PBXBuildFile; fileRef = "Child::ChildBrain::Product" /* ChildBrain.framework */; };
		OBJ_57 /* Arguments.swift in Sources */ = {isa = PBXBuildFile; fileRef = OBJ_11 /* Arguments.swift */; };
		OBJ_58 /* Indentation.swift in Sources */ = {isa = PBXBuildFile; fileRef = OBJ_12 /* Indentation.swift */; };
		OBJ_59 /* Meta.swift in Sources */ = {isa = PBXBuildFile; fileRef = OBJ_13 /* Meta.swift */; };
		OBJ_60 /* Parser.swift in Sources */ = {isa = PBXBuildFile; fileRef = OBJ_14 /* Parser.swift */; };
		OBJ_61 /* Runner.swift in Sources */ = {isa = PBXBuildFile; fileRef = OBJ_15 /* Runner.swift */; };
		OBJ_62 /* Value+Code.swift in Sources */ = {isa = PBXBuildFile; fileRef = OBJ_16 /* Value+Code.swift */; };
		OBJ_63 /* Value.swift in Sources */ = {isa = PBXBuildFile; fileRef = OBJ_17 /* Value.swift */; };
/* End PBXBuildFile section */

/* Begin PBXContainerItemProxy section */
		35E388B61FE9621C0087B8DC /* PBXContainerItemProxy */ = {
			isa = PBXContainerItemProxy;
			containerPortal = OBJ_1 /* Project object */;
			proxyType = 1;
			remoteGlobalIDString = "Child::ChildBrain";
			remoteInfo = ChildBrain;
		};
		35E388B71FE9621C0087B8DC /* PBXContainerItemProxy */ = {
			isa = PBXContainerItemProxy;
			containerPortal = OBJ_1 /* Project object */;
			proxyType = 1;
			remoteGlobalIDString = "Child::Child";
			remoteInfo = Child;
		};
		35E388B81FE9621C0087B8DC /* PBXContainerItemProxy */ = {
			isa = PBXContainerItemProxy;
			containerPortal = OBJ_1 /* Project object */;
			proxyType = 1;
			remoteGlobalIDString = "Child::ChildBrain";
			remoteInfo = ChildBrain;
		};
		35E388B91FE9621D0087B8DC /* PBXContainerItemProxy */ = {
			isa = PBXContainerItemProxy;
			containerPortal = OBJ_1 /* Project object */;
			proxyType = 1;
			remoteGlobalIDString = "Child::ChildTests";
			remoteInfo = ChildTests;
		};
/* End PBXContainerItemProxy section */

/* Begin PBXFileReference section */
		358C94751FEDCB1600F84D84 /* TestJSONS.swift */ = {isa = PBXFileReference; lastKnownFileType = sourcecode.swift; path = TestJSONS.swift; sourceTree = "<group>"; };
		359F1C211FEA7D8900F774E2 /* install.sh */ = {isa = PBXFileReference; lastKnownFileType = text.script.sh; path = install.sh; sourceTree = "<group>"; };
		359F1C221FEA7EBE00F774E2 /* applyOnFolder.sh */ = {isa = PBXFileReference; lastKnownFileType = text.script.sh; path = applyOnFolder.sh; sourceTree = "<group>"; };
		35CBB46420115E86005BC355 /* LazyChild.appex */ = {isa = PBXFileReference; explicitFileType = "wrapper.app-extension"; includeInIndex = 0; path = LazyChild.appex; sourceTree = BUILT_PRODUCTS_DIR; };
		35CBB46620115E86005BC355 /* Cocoa.framework */ = {isa = PBXFileReference; lastKnownFileType = wrapper.framework; name = Cocoa.framework; path = System/Library/Frameworks/Cocoa.framework; sourceTree = SDKROOT; };
		35CBB46920115E86005BC355 /* SourceEditorExtension.swift */ = {isa = PBXFileReference; lastKnownFileType = sourcecode.swift; path = SourceEditorExtension.swift; sourceTree = "<group>"; };
		35CBB46B20115E86005BC355 /* SourceEditorCommand.swift */ = {isa = PBXFileReference; lastKnownFileType = sourcecode.swift; path = SourceEditorCommand.swift; sourceTree = "<group>"; };
		35CBB46D20115E86005BC355 /* Info.plist */ = {isa = PBXFileReference; lastKnownFileType = text.plist.xml; path = Info.plist; sourceTree = "<group>"; };
		35CBB46E20115E86005BC355 /* LazyChild.entitlements */ = {isa = PBXFileReference; lastKnownFileType = text.plist.entitlements; path = LazyChild.entitlements; sourceTree = "<group>"; };
		35CBB47920115EC6005BC355 /* Logger.swift */ = {isa = PBXFileReference; lastKnownFileType = sourcecode.swift; path = Logger.swift; sourceTree = "<group>"; };
		"Child::Child::Product" /* Child */ = {isa = PBXFileReference; explicitFileType = "compiled.mach-o.executable"; path = Child; sourceTree = BUILT_PRODUCTS_DIR; };
		"Child::ChildBrain::Product" /* ChildBrain.framework */ = {isa = PBXFileReference; explicitFileType = wrapper.framework; path = ChildBrain.framework; sourceTree = BUILT_PRODUCTS_DIR; };
		"Child::ChildTests::Product" /* ChildTests.xctest */ = {isa = PBXFileReference; explicitFileType = wrapper.cfbundle; path = ChildTests.xctest; sourceTree = BUILT_PRODUCTS_DIR; };
		OBJ_11 /* Arguments.swift */ = {isa = PBXFileReference; lastKnownFileType = sourcecode.swift; path = Arguments.swift; sourceTree = "<group>"; };
		OBJ_12 /* Indentation.swift */ = {isa = PBXFileReference; lastKnownFileType = sourcecode.swift; path = Indentation.swift; sourceTree = "<group>"; };
		OBJ_13 /* Meta.swift */ = {isa = PBXFileReference; lastKnownFileType = sourcecode.swift; path = Meta.swift; sourceTree = "<group>"; };
		OBJ_14 /* Parser.swift */ = {isa = PBXFileReference; lastKnownFileType = sourcecode.swift; path = Parser.swift; sourceTree = "<group>"; };
		OBJ_15 /* Runner.swift */ = {isa = PBXFileReference; lastKnownFileType = sourcecode.swift; path = Runner.swift; sourceTree = "<group>"; };
		OBJ_16 /* Value+Code.swift */ = {isa = PBXFileReference; lastKnownFileType = sourcecode.swift; path = "Value+Code.swift"; sourceTree = "<group>"; };
		OBJ_17 /* Value.swift */ = {isa = PBXFileReference; lastKnownFileType = sourcecode.swift; path = Value.swift; sourceTree = "<group>"; };
		OBJ_19 /* main.swift */ = {isa = PBXFileReference; lastKnownFileType = sourcecode.swift; path = main.swift; sourceTree = "<group>"; };
		OBJ_22 /* ChildTests.swift */ = {isa = PBXFileReference; lastKnownFileType = sourcecode.swift; path = ChildTests.swift; sourceTree = "<group>"; };
		OBJ_6 /* Package.swift */ = {isa = PBXFileReference; explicitFileType = sourcecode.swift; path = Package.swift; sourceTree = "<group>"; };
/* End PBXFileReference section */

/* Begin PBXFrameworksBuildPhase section */
		35CBB46120115E86005BC355 /* Frameworks */ = {
			isa = PBXFrameworksBuildPhase;
			buildActionMask = 2147483647;
			files = (
				35CBB46720115E86005BC355 /* Cocoa.framework in Frameworks */,
			);
			runOnlyForDeploymentPostprocessing = 0;
		};
		OBJ_39 /* Frameworks */ = {
			isa = PBXFrameworksBuildPhase;
			buildActionMask = 0;
			files = (
				OBJ_40 /* ChildBrain.framework in Frameworks */,
			);
			runOnlyForDeploymentPostprocessing = 0;
		};
		OBJ_50 /* Frameworks */ = {
			isa = PBXFrameworksBuildPhase;
			buildActionMask = 0;
			files = (
				OBJ_51 /* ChildBrain.framework in Frameworks */,
			);
			runOnlyForDeploymentPostprocessing = 0;
		};
		OBJ_64 /* Frameworks */ = {
			isa = PBXFrameworksBuildPhase;
			buildActionMask = 0;
			files = (
			);
			runOnlyForDeploymentPostprocessing = 0;
		};
/* End PBXFrameworksBuildPhase section */

/* Begin PBXGroup section */
		35CBB46520115E86005BC355 /* Frameworks */ = {
			isa = PBXGroup;
			children = (
				35CBB46620115E86005BC355 /* Cocoa.framework */,
			);
			name = Frameworks;
			sourceTree = "<group>";
		};
		35CBB46820115E86005BC355 /* LazyChild */ = {
			isa = PBXGroup;
			children = (
				35CBB46920115E86005BC355 /* SourceEditorExtension.swift */,
				35CBB46B20115E86005BC355 /* SourceEditorCommand.swift */,
				35CBB46D20115E86005BC355 /* Info.plist */,
				35CBB46E20115E86005BC355 /* LazyChild.entitlements */,
			);
			path = LazyChild;
			sourceTree = "<group>";
		};
		OBJ_10 /* ChildBrain */ = {
			isa = PBXGroup;
			children = (
				OBJ_11 /* Arguments.swift */,
				OBJ_12 /* Indentation.swift */,
				OBJ_13 /* Meta.swift */,
				OBJ_14 /* Parser.swift */,
				OBJ_15 /* Runner.swift */,
				OBJ_16 /* Value+Code.swift */,
				OBJ_17 /* Value.swift */,
				35CBB47920115EC6005BC355 /* Logger.swift */,
			);
			name = ChildBrain;
			path = Sources/ChildBrain;
			sourceTree = SOURCE_ROOT;
		};
		OBJ_18 /* Child */ = {
			isa = PBXGroup;
			children = (
				OBJ_19 /* main.swift */,
			);
			name = Child;
			path = Sources/Child;
			sourceTree = SOURCE_ROOT;
		};
		OBJ_20 /* Tests */ = {
			isa = PBXGroup;
			children = (
				OBJ_21 /* ChildTests */,
			);
			name = Tests;
			sourceTree = SOURCE_ROOT;
		};
		OBJ_21 /* ChildTests */ = {
			isa = PBXGroup;
			children = (
				OBJ_22 /* ChildTests.swift */,
				358C94751FEDCB1600F84D84 /* TestJSONS.swift */,
			);
			name = ChildTests;
			path = Tests/ChildTests;
			sourceTree = SOURCE_ROOT;
		};
		OBJ_23 /* Products */ = {
			isa = PBXGroup;
			children = (
				"Child::ChildTests::Product" /* ChildTests.xctest */,
				"Child::Child::Product" /* Child */,
				"Child::ChildBrain::Product" /* ChildBrain.framework */,
				35CBB46420115E86005BC355 /* LazyChild.appex */,
			);
			name = Products;
			sourceTree = BUILT_PRODUCTS_DIR;
		};
		OBJ_5 = {
			isa = PBXGroup;
			children = (
				359F1C221FEA7EBE00F774E2 /* applyOnFolder.sh */,
				359F1C211FEA7D8900F774E2 /* install.sh */,
				OBJ_6 /* Package.swift */,
				OBJ_9 /* Sources */,
				OBJ_20 /* Tests */,
				35CBB46820115E86005BC355 /* LazyChild */,
				35CBB46520115E86005BC355 /* Frameworks */,
				OBJ_23 /* Products */,
			);
			sourceTree = "<group>";
		};
		OBJ_9 /* Sources */ = {
			isa = PBXGroup;
			children = (
				OBJ_10 /* ChildBrain */,
				OBJ_18 /* Child */,
			);
			name = Sources;
			sourceTree = SOURCE_ROOT;
		};
/* End PBXGroup section */

/* Begin PBXNativeTarget section */
		35CBB46320115E86005BC355 /* LazyChild */ = {
			isa = PBXNativeTarget;
			buildConfigurationList = 35CBB47120115E86005BC355 /* Build configuration list for PBXNativeTarget "LazyChild" */;
			buildPhases = (
				35CBB46020115E86005BC355 /* Sources */,
				35CBB46120115E86005BC355 /* Frameworks */,
				35CBB46220115E86005BC355 /* Resources */,
			);
			buildRules = (
			);
			dependencies = (
			);
			name = LazyChild;
			productName = LazyChild;
			productReference = 35CBB46420115E86005BC355 /* LazyChild.appex */;
			productType = "com.apple.product-type.xcode-extension";
		};
		"Child::Child" /* Child */ = {
			isa = PBXNativeTarget;
			buildConfigurationList = OBJ_45 /* Build configuration list for PBXNativeTarget "Child" */;
			buildPhases = (
				OBJ_48 /* Sources */,
				OBJ_50 /* Frameworks */,
			);
			buildRules = (
			);
			dependencies = (
				OBJ_52 /* PBXTargetDependency */,
			);
			name = Child;
			productName = Child;
			productReference = "Child::Child::Product" /* Child */;
			productType = "com.apple.product-type.tool";
		};
		"Child::ChildBrain" /* ChildBrain */ = {
			isa = PBXNativeTarget;
			buildConfigurationList = OBJ_53 /* Build configuration list for PBXNativeTarget "ChildBrain" */;
			buildPhases = (
				OBJ_56 /* Sources */,
				OBJ_64 /* Frameworks */,
			);
			buildRules = (
			);
			dependencies = (
			);
			name = ChildBrain;
			productName = ChildBrain;
			productReference = "Child::ChildBrain::Product" /* ChildBrain.framework */;
			productType = "com.apple.product-type.framework";
		};
		"Child::ChildTests" /* ChildTests */ = {
			isa = PBXNativeTarget;
			buildConfigurationList = OBJ_34 /* Build configuration list for PBXNativeTarget "ChildTests" */;
			buildPhases = (
				OBJ_37 /* Sources */,
				OBJ_39 /* Frameworks */,
			);
			buildRules = (
			);
			dependencies = (
				OBJ_41 /* PBXTargetDependency */,
				OBJ_43 /* PBXTargetDependency */,
			);
			name = ChildTests;
			productName = ChildTests;
			productReference = "Child::ChildTests::Product" /* ChildTests.xctest */;
			productType = "com.apple.product-type.bundle.unit-test";
		};
		"Child::SwiftPMPackageDescription" /* ChildPackageDescription */ = {
			isa = PBXNativeTarget;
			buildConfigurationList = OBJ_28 /* Build configuration list for PBXNativeTarget "ChildPackageDescription" */;
			buildPhases = (
				OBJ_31 /* Sources */,
			);
			buildRules = (
			);
			dependencies = (
			);
			name = ChildPackageDescription;
			productName = ChildPackageDescription;
			productType = "com.apple.product-type.framework";
		};
/* End PBXNativeTarget section */

/* Begin PBXProject section */
		OBJ_1 /* Project object */ = {
			isa = PBXProject;
			attributes = {
				LastSwiftUpdateCheck = 0920;
				LastUpgradeCheck = 9999;
				TargetAttributes = {
					35CBB46320115E86005BC355 = {
						CreatedOnToolsVersion = 9.2;
						DevelopmentTeam = 23YF8RW87L;
						ProvisioningStyle = Automatic;
					};
				};
			};
			buildConfigurationList = OBJ_2 /* Build configuration list for PBXProject "Child" */;
			compatibilityVersion = "Xcode 3.2";
			developmentRegion = English;
			hasScannedForEncodings = 0;
			knownRegions = (
				en,
			);
			mainGroup = OBJ_5;
			productRefGroup = OBJ_23 /* Products */;
			projectDirPath = "";
			projectRoot = "";
			targets = (
				"Child::SwiftPMPackageDescription" /* ChildPackageDescription */,
				"Child::ChildTests" /* ChildTests */,
				"Child::Child" /* Child */,
				"Child::ChildBrain" /* ChildBrain */,
				"Child::ChildPackageTests::ProductTarget" /* ChildPackageTests */,
				35CBB46320115E86005BC355 /* LazyChild */,
			);
		};
/* End PBXProject section */

/* Begin PBXResourcesBuildPhase section */
		35CBB46220115E86005BC355 /* Resources */ = {
			isa = PBXResourcesBuildPhase;
			buildActionMask = 2147483647;
			files = (
			);
			runOnlyForDeploymentPostprocessing = 0;
		};
/* End PBXResourcesBuildPhase section */

/* Begin PBXSourcesBuildPhase section */
		35CBB46020115E86005BC355 /* Sources */ = {
			isa = PBXSourcesBuildPhase;
			buildActionMask = 2147483647;
			files = (
				35CBB47220115E97005BC355 /* Arguments.swift in Sources */,
				35CBB47320115E97005BC355 /* Indentation.swift in Sources */,
				35CBB47520115E97005BC355 /* Parser.swift in Sources */,
				35CBB46A20115E86005BC355 /* SourceEditorExtension.swift in Sources */,
				35CBB47420115E97005BC355 /* Meta.swift in Sources */,
				35CBB47B20115EC6005BC355 /* Logger.swift in Sources */,
				35CBB47820115E97005BC355 /* Value.swift in Sources */,
				35CBB46C20115E86005BC355 /* SourceEditorCommand.swift in Sources */,
				35CBB47720115E97005BC355 /* Value+Code.swift in Sources */,
				35CBB47620115E97005BC355 /* Runner.swift in Sources */,
			);
			runOnlyForDeploymentPostprocessing = 0;
		};
		OBJ_31 /* Sources */ = {
			isa = PBXSourcesBuildPhase;
			buildActionMask = 0;
			files = (
				OBJ_32 /* Package.swift in Sources */,
			);
			runOnlyForDeploymentPostprocessing = 0;
		};
		OBJ_37 /* Sources */ = {
			isa = PBXSourcesBuildPhase;
			buildActionMask = 0;
			files = (
				OBJ_38 /* ChildTests.swift in Sources */,
				358C94761FEDCB1600F84D84 /* TestJSONS.swift in Sources */,
			);
			runOnlyForDeploymentPostprocessing = 0;
		};
		OBJ_48 /* Sources */ = {
			isa = PBXSourcesBuildPhase;
			buildActionMask = 0;
			files = (
				OBJ_49 /* main.swift in Sources */,
			);
			runOnlyForDeploymentPostprocessing = 0;
		};
		OBJ_56 /* Sources */ = {
			isa = PBXSourcesBuildPhase;
			buildActionMask = 0;
			files = (
				OBJ_57 /* Arguments.swift in Sources */,
				OBJ_58 /* Indentation.swift in Sources */,
				OBJ_59 /* Meta.swift in Sources */,
				OBJ_60 /* Parser.swift in Sources */,
				OBJ_61 /* Runner.swift in Sources */,
				OBJ_62 /* Value+Code.swift in Sources */,
				OBJ_63 /* Value.swift in Sources */,
				35CBB47A20115EC6005BC355 /* Logger.swift in Sources */,
			);
			runOnlyForDeploymentPostprocessing = 0;
		};
/* End PBXSourcesBuildPhase section */

/* Begin PBXTargetDependency section */
		OBJ_41 /* PBXTargetDependency */ = {
			isa = PBXTargetDependency;
			target = "Child::Child" /* Child */;
			targetProxy = 35E388B71FE9621C0087B8DC /* PBXContainerItemProxy */;
		};
		OBJ_43 /* PBXTargetDependency */ = {
			isa = PBXTargetDependency;
			target = "Child::ChildBrain" /* ChildBrain */;
			targetProxy = 35E388B81FE9621C0087B8DC /* PBXContainerItemProxy */;
		};
		OBJ_52 /* PBXTargetDependency */ = {
			isa = PBXTargetDependency;
			target = "Child::ChildBrain" /* ChildBrain */;
			targetProxy = 35E388B61FE9621C0087B8DC /* PBXContainerItemProxy */;
		};
		OBJ_69 /* PBXTargetDependency */ = {
			isa = PBXTargetDependency;
			target = "Child::ChildTests" /* ChildTests */;
			targetProxy = 35E388B91FE9621D0087B8DC /* PBXContainerItemProxy */;
		};
/* End PBXTargetDependency section */

/* Begin XCBuildConfiguration section */
		35CBB46F20115E86005BC355 /* Debug */ = {
			isa = XCBuildConfiguration;
			buildSettings = {
				ALWAYS_SEARCH_USER_PATHS = NO;
				CLANG_ANALYZER_NONNULL = YES;
				CLANG_ANALYZER_NUMBER_OBJECT_CONVERSION = YES_AGGRESSIVE;
				CLANG_CXX_LANGUAGE_STANDARD = "gnu++14";
				CLANG_CXX_LIBRARY = "libc++";
				CLANG_ENABLE_MODULES = YES;
				CLANG_WARN_BLOCK_CAPTURE_AUTORELEASING = YES;
				CLANG_WARN_BOOL_CONVERSION = YES;
				CLANG_WARN_COMMA = YES;
				CLANG_WARN_CONSTANT_CONVERSION = YES;
				CLANG_WARN_DIRECT_OBJC_ISA_USAGE = YES_ERROR;
				CLANG_WARN_DOCUMENTATION_COMMENTS = YES;
				CLANG_WARN_EMPTY_BODY = YES;
				CLANG_WARN_ENUM_CONVERSION = YES;
				CLANG_WARN_INFINITE_RECURSION = YES;
				CLANG_WARN_INT_CONVERSION = YES;
				CLANG_WARN_NON_LITERAL_NULL_CONVERSION = YES;
				CLANG_WARN_OBJC_LITERAL_CONVERSION = YES;
				CLANG_WARN_OBJC_ROOT_CLASS = YES_ERROR;
				CLANG_WARN_RANGE_LOOP_ANALYSIS = YES;
				CLANG_WARN_STRICT_PROTOTYPES = YES;
				CLANG_WARN_SUSPICIOUS_MOVE = YES;
				CLANG_WARN_UNGUARDED_AVAILABILITY = YES_AGGRESSIVE;
				CLANG_WARN_UNREACHABLE_CODE = YES;
				CLANG_WARN__DUPLICATE_METHOD_MATCH = YES;
				CODE_SIGN_ENTITLEMENTS = LazyChild/LazyChild.entitlements;
				CODE_SIGN_IDENTITY = "Mac Developer";
				CODE_SIGN_STYLE = Automatic;
				COMBINE_HIDPI_IMAGES = YES;
				DEVELOPMENT_TEAM = 23YF8RW87L;
				ENABLE_STRICT_OBJC_MSGSEND = YES;
				ENABLE_TESTABILITY = YES;
				GCC_C_LANGUAGE_STANDARD = gnu11;
				GCC_DYNAMIC_NO_PIC = NO;
				GCC_NO_COMMON_BLOCKS = YES;
				GCC_PREPROCESSOR_DEFINITIONS = (
					"DEBUG=1",
					"$(inherited)",
				);
				GCC_WARN_64_TO_32_BIT_CONVERSION = YES;
				GCC_WARN_ABOUT_RETURN_TYPE = YES_ERROR;
				GCC_WARN_UNDECLARED_SELECTOR = YES;
				GCC_WARN_UNINITIALIZED_AUTOS = YES_AGGRESSIVE;
				GCC_WARN_UNUSED_FUNCTION = YES;
				GCC_WARN_UNUSED_VARIABLE = YES;
				INFOPLIST_FILE = LazyChild/Info.plist;
				LD_RUNPATH_SEARCH_PATHS = "$(inherited) @executable_path/../Frameworks @executable_path/../../../../Frameworks";
				MACOSX_DEPLOYMENT_TARGET = 10.13;
				MTL_ENABLE_DEBUG_INFO = YES;
				PRODUCT_BUNDLE_IDENTIFIER = com.tizianocoroneo.LazyChild;
				PRODUCT_NAME = "$(TARGET_NAME)";
				SKIP_INSTALL = YES;
				SWIFT_ACTIVE_COMPILATION_CONDITIONS = DEBUG;
				SWIFT_VERSION = 4.0;
			};
			name = Debug;
		};
		35CBB47020115E86005BC355 /* Release */ = {
			isa = XCBuildConfiguration;
			buildSettings = {
				ALWAYS_SEARCH_USER_PATHS = NO;
				CLANG_ANALYZER_NONNULL = YES;
				CLANG_ANALYZER_NUMBER_OBJECT_CONVERSION = YES_AGGRESSIVE;
				CLANG_CXX_LANGUAGE_STANDARD = "gnu++14";
				CLANG_CXX_LIBRARY = "libc++";
				CLANG_ENABLE_MODULES = YES;
				CLANG_WARN_BLOCK_CAPTURE_AUTORELEASING = YES;
				CLANG_WARN_BOOL_CONVERSION = YES;
				CLANG_WARN_COMMA = YES;
				CLANG_WARN_CONSTANT_CONVERSION = YES;
				CLANG_WARN_DIRECT_OBJC_ISA_USAGE = YES_ERROR;
				CLANG_WARN_DOCUMENTATION_COMMENTS = YES;
				CLANG_WARN_EMPTY_BODY = YES;
				CLANG_WARN_ENUM_CONVERSION = YES;
				CLANG_WARN_INFINITE_RECURSION = YES;
				CLANG_WARN_INT_CONVERSION = YES;
				CLANG_WARN_NON_LITERAL_NULL_CONVERSION = YES;
				CLANG_WARN_OBJC_LITERAL_CONVERSION = YES;
				CLANG_WARN_OBJC_ROOT_CLASS = YES_ERROR;
				CLANG_WARN_RANGE_LOOP_ANALYSIS = YES;
				CLANG_WARN_STRICT_PROTOTYPES = YES;
				CLANG_WARN_SUSPICIOUS_MOVE = YES;
				CLANG_WARN_UNGUARDED_AVAILABILITY = YES_AGGRESSIVE;
				CLANG_WARN_UNREACHABLE_CODE = YES;
				CLANG_WARN__DUPLICATE_METHOD_MATCH = YES;
				CODE_SIGN_ENTITLEMENTS = LazyChild/LazyChild.entitlements;
				CODE_SIGN_IDENTITY = "Mac Developer";
				CODE_SIGN_STYLE = Automatic;
				COMBINE_HIDPI_IMAGES = YES;
				COPY_PHASE_STRIP = NO;
				DEVELOPMENT_TEAM = 23YF8RW87L;
				ENABLE_NS_ASSERTIONS = NO;
				ENABLE_STRICT_OBJC_MSGSEND = YES;
				GCC_C_LANGUAGE_STANDARD = gnu11;
				GCC_NO_COMMON_BLOCKS = YES;
				GCC_WARN_64_TO_32_BIT_CONVERSION = YES;
				GCC_WARN_ABOUT_RETURN_TYPE = YES_ERROR;
				GCC_WARN_UNDECLARED_SELECTOR = YES;
				GCC_WARN_UNINITIALIZED_AUTOS = YES_AGGRESSIVE;
				GCC_WARN_UNUSED_FUNCTION = YES;
				GCC_WARN_UNUSED_VARIABLE = YES;
				INFOPLIST_FILE = LazyChild/Info.plist;
				LD_RUNPATH_SEARCH_PATHS = "$(inherited) @executable_path/../Frameworks @executable_path/../../../../Frameworks";
				MACOSX_DEPLOYMENT_TARGET = 10.13;
				MTL_ENABLE_DEBUG_INFO = NO;
				PRODUCT_BUNDLE_IDENTIFIER = com.tizianocoroneo.LazyChild;
				PRODUCT_NAME = "$(TARGET_NAME)";
				SKIP_INSTALL = YES;
				SWIFT_VERSION = 4.0;
			};
			name = Release;
		};
		OBJ_29 /* Debug */ = {
			isa = XCBuildConfiguration;
			buildSettings = {
				LD = /usr/bin/true;
				OTHER_SWIFT_FLAGS = "-swift-version 4 -I /Applications/Xcode.app/Contents/Developer/Toolchains/XcodeDefault.xctoolchain/usr/lib/swift/pm/4 -target x86_64-apple-macosx10.10 -sdk /Applications/Xcode.app/Contents/Developer/Platforms/MacOSX.platform/Developer/SDKs/MacOSX10.13.sdk";
				SWIFT_VERSION = 4.0;
			};
			name = Debug;
		};
		OBJ_3 /* Debug */ = {
			isa = XCBuildConfiguration;
			buildSettings = {
				CLANG_ENABLE_OBJC_ARC = YES;
				COMBINE_HIDPI_IMAGES = YES;
				COPY_PHASE_STRIP = NO;
				DEBUG_INFORMATION_FORMAT = dwarf;
				DYLIB_INSTALL_NAME_BASE = "@rpath";
				ENABLE_NS_ASSERTIONS = YES;
				GCC_OPTIMIZATION_LEVEL = 0;
				MACOSX_DEPLOYMENT_TARGET = 10.10;
				ONLY_ACTIVE_ARCH = YES;
				OTHER_SWIFT_FLAGS = "-DXcode";
				PRODUCT_NAME = "$(TARGET_NAME)";
				SDKROOT = macosx;
				SUPPORTED_PLATFORMS = "macosx iphoneos iphonesimulator appletvos appletvsimulator watchos watchsimulator";
				SWIFT_ACTIVE_COMPILATION_CONDITIONS = SWIFT_PACKAGE;
				SWIFT_OPTIMIZATION_LEVEL = "-Onone";
				USE_HEADERMAP = NO;
			};
			name = Debug;
		};
		OBJ_30 /* Release */ = {
			isa = XCBuildConfiguration;
			buildSettings = {
				LD = /usr/bin/true;
				OTHER_SWIFT_FLAGS = "-swift-version 4 -I /Applications/Xcode.app/Contents/Developer/Toolchains/XcodeDefault.xctoolchain/usr/lib/swift/pm/4 -target x86_64-apple-macosx10.10 -sdk /Applications/Xcode.app/Contents/Developer/Platforms/MacOSX.platform/Developer/SDKs/MacOSX10.13.sdk";
				SWIFT_VERSION = 4.0;
			};
			name = Release;
		};
		OBJ_35 /* Debug */ = {
			isa = XCBuildConfiguration;
			buildSettings = {
				EMBEDDED_CONTENT_CONTAINS_SWIFT = YES;
				FRAMEWORK_SEARCH_PATHS = (
					"$(inherited)",
					"$(PLATFORM_DIR)/Developer/Library/Frameworks",
				);
				HEADER_SEARCH_PATHS = "$(inherited)";
				INFOPLIST_FILE = Child.xcodeproj/ChildTests_Info.plist;
				LD_RUNPATH_SEARCH_PATHS = "@loader_path/../Frameworks @loader_path/Frameworks";
				OTHER_LDFLAGS = "$(inherited)";
				OTHER_SWIFT_FLAGS = "$(inherited)";
				SWIFT_VERSION = 4.0;
				TARGET_NAME = ChildTests;
			};
			name = Debug;
		};
		OBJ_36 /* Release */ = {
			isa = XCBuildConfiguration;
			buildSettings = {
				EMBEDDED_CONTENT_CONTAINS_SWIFT = YES;
				FRAMEWORK_SEARCH_PATHS = (
					"$(inherited)",
					"$(PLATFORM_DIR)/Developer/Library/Frameworks",
				);
				HEADER_SEARCH_PATHS = "$(inherited)";
				INFOPLIST_FILE = Child.xcodeproj/ChildTests_Info.plist;
				LD_RUNPATH_SEARCH_PATHS = "@loader_path/../Frameworks @loader_path/Frameworks";
				OTHER_LDFLAGS = "$(inherited)";
				OTHER_SWIFT_FLAGS = "$(inherited)";
				SWIFT_VERSION = 4.0;
				TARGET_NAME = ChildTests;
			};
			name = Release;
		};
		OBJ_4 /* Release */ = {
			isa = XCBuildConfiguration;
			buildSettings = {
				CLANG_ENABLE_OBJC_ARC = YES;
				COMBINE_HIDPI_IMAGES = YES;
				COPY_PHASE_STRIP = YES;
				DEBUG_INFORMATION_FORMAT = "dwarf-with-dsym";
				DYLIB_INSTALL_NAME_BASE = "@rpath";
				GCC_OPTIMIZATION_LEVEL = s;
				MACOSX_DEPLOYMENT_TARGET = 10.10;
				OTHER_SWIFT_FLAGS = "-DXcode";
				PRODUCT_NAME = "$(TARGET_NAME)";
				SDKROOT = macosx;
				SUPPORTED_PLATFORMS = "macosx iphoneos iphonesimulator appletvos appletvsimulator watchos watchsimulator";
				SWIFT_ACTIVE_COMPILATION_CONDITIONS = SWIFT_PACKAGE;
				SWIFT_OPTIMIZATION_LEVEL = "-Owholemodule";
				USE_HEADERMAP = NO;
			};
			name = Release;
		};
		OBJ_46 /* Debug */ = {
			isa = XCBuildConfiguration;
			buildSettings = {
				FRAMEWORK_SEARCH_PATHS = (
					"$(inherited)",
					"$(PLATFORM_DIR)/Developer/Library/Frameworks",
				);
				HEADER_SEARCH_PATHS = "$(inherited)";
				INFOPLIST_FILE = Child.xcodeproj/Child_Info.plist;
				LD_RUNPATH_SEARCH_PATHS = "$(TOOLCHAIN_DIR)/usr/lib/swift/macosx @executable_path";
				OTHER_LDFLAGS = "$(inherited)";
				OTHER_SWIFT_FLAGS = "$(inherited)";
				SWIFT_FORCE_DYNAMIC_LINK_STDLIB = YES;
				SWIFT_FORCE_STATIC_LINK_STDLIB = NO;
				SWIFT_VERSION = 4.0;
				TARGET_NAME = Child;
			};
			name = Debug;
		};
		OBJ_47 /* Release */ = {
			isa = XCBuildConfiguration;
			buildSettings = {
				FRAMEWORK_SEARCH_PATHS = (
					"$(inherited)",
					"$(PLATFORM_DIR)/Developer/Library/Frameworks",
				);
				HEADER_SEARCH_PATHS = "$(inherited)";
				INFOPLIST_FILE = Child.xcodeproj/Child_Info.plist;
				LD_RUNPATH_SEARCH_PATHS = "$(TOOLCHAIN_DIR)/usr/lib/swift/macosx @executable_path";
				OTHER_LDFLAGS = "$(inherited)";
				OTHER_SWIFT_FLAGS = "$(inherited)";
				SWIFT_FORCE_DYNAMIC_LINK_STDLIB = YES;
				SWIFT_FORCE_STATIC_LINK_STDLIB = NO;
				SWIFT_VERSION = 4.0;
				TARGET_NAME = Child;
			};
			name = Release;
		};
		OBJ_54 /* Debug */ = {
			isa = XCBuildConfiguration;
			buildSettings = {
				ENABLE_TESTABILITY = YES;
				FRAMEWORK_SEARCH_PATHS = (
					"$(inherited)",
					"$(PLATFORM_DIR)/Developer/Library/Frameworks",
				);
				HEADER_SEARCH_PATHS = "$(inherited)";
				INFOPLIST_FILE = Child.xcodeproj/ChildBrain_Info.plist;
				LD_RUNPATH_SEARCH_PATHS = "$(TOOLCHAIN_DIR)/usr/lib/swift/macosx";
				OTHER_LDFLAGS = "$(inherited)";
				OTHER_SWIFT_FLAGS = "$(inherited)";
				PRODUCT_BUNDLE_IDENTIFIER = ChildBrain;
				PRODUCT_MODULE_NAME = "$(TARGET_NAME:c99extidentifier)";
				PRODUCT_NAME = "$(TARGET_NAME:c99extidentifier)";
				SKIP_INSTALL = YES;
				SWIFT_VERSION = 4.0;
				TARGET_NAME = ChildBrain;
			};
			name = Debug;
		};
		OBJ_55 /* Release */ = {
			isa = XCBuildConfiguration;
			buildSettings = {
				ENABLE_TESTABILITY = YES;
				FRAMEWORK_SEARCH_PATHS = (
					"$(inherited)",
					"$(PLATFORM_DIR)/Developer/Library/Frameworks",
				);
				HEADER_SEARCH_PATHS = "$(inherited)";
				INFOPLIST_FILE = Child.xcodeproj/ChildBrain_Info.plist;
				LD_RUNPATH_SEARCH_PATHS = "$(TOOLCHAIN_DIR)/usr/lib/swift/macosx";
				OTHER_LDFLAGS = "$(inherited)";
				OTHER_SWIFT_FLAGS = "$(inherited)";
				PRODUCT_BUNDLE_IDENTIFIER = ChildBrain;
				PRODUCT_MODULE_NAME = "$(TARGET_NAME:c99extidentifier)";
				PRODUCT_NAME = "$(TARGET_NAME:c99extidentifier)";
				SKIP_INSTALL = YES;
				SWIFT_VERSION = 4.0;
				TARGET_NAME = ChildBrain;
			};
			name = Release;
		};
		OBJ_67 /* Debug */ = {
			isa = XCBuildConfiguration;
			buildSettings = {
			};
			name = Debug;
		};
		OBJ_68 /* Release */ = {
			isa = XCBuildConfiguration;
			buildSettings = {
			};
			name = Release;
		};
/* End XCBuildConfiguration section */

/* Begin XCConfigurationList section */
		35CBB47120115E86005BC355 /* Build configuration list for PBXNativeTarget "LazyChild" */ = {
			isa = XCConfigurationList;
			buildConfigurations = (
				35CBB46F20115E86005BC355 /* Debug */,
				35CBB47020115E86005BC355 /* Release */,
			);
			defaultConfigurationIsVisible = 0;
			defaultConfigurationName = Debug;
		};
		OBJ_2 /* Build configuration list for PBXProject "Child" */ = {
			isa = XCConfigurationList;
			buildConfigurations = (
				OBJ_3 /* Debug */,
				OBJ_4 /* Release */,
			);
			defaultConfigurationIsVisible = 0;
			defaultConfigurationName = Debug;
		};
		OBJ_28 /* Build configuration list for PBXNativeTarget "ChildPackageDescription" */ = {
			isa = XCConfigurationList;
			buildConfigurations = (
				OBJ_29 /* Debug */,
				OBJ_30 /* Release */,
			);
			defaultConfigurationIsVisible = 0;
			defaultConfigurationName = Debug;
		};
		OBJ_34 /* Build configuration list for PBXNativeTarget "ChildTests" */ = {
			isa = XCConfigurationList;
			buildConfigurations = (
				OBJ_35 /* Debug */,
				OBJ_36 /* Release */,
			);
			defaultConfigurationIsVisible = 0;
			defaultConfigurationName = Debug;
		};
		OBJ_45 /* Build configuration list for PBXNativeTarget "Child" */ = {
			isa = XCConfigurationList;
			buildConfigurations = (
				OBJ_46 /* Debug */,
				OBJ_47 /* Release */,
			);
			defaultConfigurationIsVisible = 0;
			defaultConfigurationName = Debug;
		};
		OBJ_53 /* Build configuration list for PBXNativeTarget "ChildBrain" */ = {
			isa = XCConfigurationList;
			buildConfigurations = (
				OBJ_54 /* Debug */,
				OBJ_55 /* Release */,
			);
			defaultConfigurationIsVisible = 0;
			defaultConfigurationName = Debug;
		};
		OBJ_66 /* Build configuration list for PBXAggregateTarget "ChildPackageTests" */ = {
			isa = XCConfigurationList;
			buildConfigurations = (
				OBJ_67 /* Debug */,
				OBJ_68 /* Release */,
			);
			defaultConfigurationIsVisible = 0;
			defaultConfigurationName = Debug;
		};
/* End XCConfigurationList section */
	};
	rootObject = OBJ_1 /* Project object */;
}
